hash: 7cdeac0a55efa26271b3ce474ecf2a0fefb51a0c1ddba956c46fbd7d9940adf4
updated: 2016-01-30T15:48:16.006206147+01:00
imports:
- name: github.com/agtorre/gocolorize
  version: f42b554bf7f006936130c9bb4f971afd2d87f671
  repo: https://github.com/agtorre/gocolorize
- name: github.com/bradfitz/gomemcache
  version: fb1f79c6b65acda83063cbc69f6bba1522558bfc
  repo: https://github.com/bradfitz/gomemcache
- name: github.com/bugsnag/bugsnag-go
  version: 02e952891c52fbcb15f113d90633897355783b6e
  repo: https://github.com/bugsnag/bugsnag-go
- name: github.com/bugsnag/osext
  version: 0dd3f918b21bec95ace9dc86c7e70266cfc5c702
  repo: https://github.com/bugsnag/osext
- name: github.com/bugsnag/panicwrap
  version: aceac81c6e2f55f23844821679a0553b545e91df
  repo: https://github.com/bugsnag/panicwrap
- name: github.com/codegangsta/inject
  version: 33e0aa1cb7c019ccc3fbe049a8262a6403d30504
- name: github.com/garyburd/redigo
  version: 836b6e58b3358112c8291565d01c35b8764070d7
  repo: https://github.com/garyburd/redigo
- name: github.com/getsentry/raven-go
  version: 1cc47a9463b90f246a0503d4c2e9a55c9459ced3
  repo: https://github.com/getsentry/raven-go
- name: github.com/go-martini/martini
  version: c8e367e964da242333b34f0cc2b01b91e16fa52a
  repo: https://github.com/go-martini/martini
- name: github.com/revel/revel
  version: a9a2ff45fae4330ef4116b257bcf9c82e53350c2
  repo: https://github.com/revel/revel
- name: github.com/robfig/config
  version: 0f78529c8c7e3e9a25f15876532ecbc07c7d99e6
  repo: https://github.com/robfig/config
- name: github.com/robfig/go-cache
  version: 9fc39e0dbf62c034ec4e45e6120fc69433a3ec51
  repo: https://github.com/robfig/go-cache
- name: github.com/robfig/pathtree
  version: 41257a1839e945fce74afd070e02bab2ea2c776a
  repo: https://github.com/robfig/pathtree
- name: github.com/Sirupsen/logrus
  version: 418b41d23a1bf978c06faea5313ba194650ac088
- name: github.com/tobi/airbrake-go
  version: a3cdd910a3ffef88a20fbecc10363a520ad61a0a
  repo: https://github.com/tobi/airbrake-go
- name: golang.org/x/crypto
  version: 1f22c0103821b9390939b6776727195525381532
  repo: https://golang.org/x/crypto
- name: golang.org/x/net
  version: 04b9de9b512f58addf28c9853d50ebef61c3953e
  repo: https://golang.org/x/net
- name: golang.org/x/text
  version: 6fc2e00a0d64b1f7fc1212dae5b0c939cf6d9ac4
  repo: https://golang.org/x/text
- name: gopkg.in/fsnotify.v1
  version: 8611c35ab31c1c28aa903d33cf8b6e44a399b09e
  repo: https://gopkg.in/fsnotify.v1
devImports: []
